
Microsoft Visual Studio Solution File, Format Version 12.00
# Visual Studio Version 17
VisualStudioVersion = 17.14.36518.9 d17.14
MinimumVisualStudioVersion = 10.0.40219.1
Project("{00D1A9C2-B5F0-4AF3-8072-F6C62B433612}") = "CR-PHASE3-QUERY-AMS", "..\CR-PHASE3-QUERY-AMS\CR-PHASE3-QUERY-AMS\CR-PHASE3-QUERY-AMS.sqlproj", "{1B6AF38F-CF76-44E3-9BB7-D0450B491B7E}"
EndProject
Project("{00D1A9C2-B5F0-4AF3-8072-F6C62B433612}") = "CR-PHASE3-QUERY-DOC", "..\CR-PHASE3-QUERY-DOC\CR-PHASE3-QUERY-DOC\CR-PHASE3-QUERY-DOC.sqlproj", "{AFE11C51-ED7D-44AB-B73C-5CC25394A173}"
EndProject
Project("{00D1A9C2-B5F0-4AF3-8072-F6C62B433612}") = "CR-PHASE3-QUERY-FIN", "..\CR-PHASE3-QUERY-FIN\CR-PHASE3-QUERY-FIN\CR-PHASE3-QUERY-FIN.sqlproj", "{DA2DAB48-720B-4B17-A044-B40B6631F6EE}"
EndProject
Project("{00D1A9C2-B5F0-4AF3-8072-F6C62B433612}") = "CR-PHASE3-QUERY-OPL", "..\CR-PHASE3-QUERY-OPL\CR-PHASE3-QUERY-OPL\CR-PHASE3-QUERY-OPL.sqlproj", "{37FDC91A-2307-47FC-B332-5C9120317983}"
EndProject
Project("{00D1A9C2-B5F0-4AF3-8072-F6C62B433612}") = "CR-PHASE3-QUERY-PROC", "..\CR-PHASE3-QUERY-PROC\CR-PHASE3-QUERY-PROC\CR-PHASE3-QUERY-PROC.sqlproj", "{9495C97C-0FC9-4422-A911-531EBAA9DE78}"
EndProject
Global
	GlobalSection(SolutionConfigurationPlatforms) = preSolution
		Debug|Any CPU = Debug|Any CPU
		Release|Any CPU = Release|Any CPU
	EndGlobalSection
	GlobalSection(ProjectConfigurationPlatforms) = postSolution
		{1B6AF38F-CF76-44E3-9BB7-D0450B491B7E}.Debug|Any CPU.ActiveCfg = Debug|Any CPU
		{1B6AF38F-CF76-44E3-9BB7-D0450B491B7E}.Debug|Any CPU.Build.0 = Debug|Any CPU
		{1B6AF38F-CF76-44E3-9BB7-D0450B491B7E}.Debug|Any CPU.Deploy.0 = Debug|Any CPU
		{1B6AF38F-CF76-44E3-9BB7-D0450B491B7E}.Release|Any CPU.ActiveCfg = Release|Any CPU
		{1B6AF38F-CF76-44E3-9BB7-D0450B491B7E}.Release|Any CPU.Build.0 = Release|Any CPU
		{1B6AF38F-CF76-44E3-9BB7-D0450B491B7E}.Release|Any CPU.Deploy.0 = Release|Any CPU
		{AFE11C51-ED7D-44AB-B73C-5CC25394A173}.Debug|Any CPU.ActiveCfg = Debug|Any CPU
		{AFE11C51-ED7D-44AB-B73C-5CC25394A173}.Debug|Any CPU.Build.0 = Debug|Any CPU
		{AFE11C51-ED7D-44AB-B73C-5CC25394A173}.Debug|Any CPU.Deploy.0 = Debug|Any CPU
		{AFE11C51-ED7D-44AB-B73C-5CC25394A173}.Release|Any CPU.ActiveCfg = Release|Any CPU
		{AFE11C51-ED7D-44AB-B73C-5CC25394A173}.Release|Any CPU.Build.0 = Release|Any CPU
		{AFE11C51-ED7D-44AB-B73C-5CC25394A173}.Release|Any CPU.Deploy.0 = Release|Any CPU
		{DA2DAB48-720B-4B17-A044-B40B6631F6EE}.Debug|Any CPU.ActiveCfg = Debug|Any CPU
		{DA2DAB48-720B-4B17-A044-B40B6631F6EE}.Debug|Any CPU.Build.0 = Debug|Any CPU
		{DA2DAB48-720B-4B17-A044-B40B6631F6EE}.Debug|Any CPU.Deploy.0 = Debug|Any CPU
		{DA2DAB48-720B-4B17-A044-B40B6631F6EE}.Release|Any CPU.ActiveCfg = Release|Any CPU
		{DA2DAB48-720B-4B17-A044-B40B6631F6EE}.Release|Any CPU.Build.0 = Release|Any CPU
		{DA2DAB48-720B-4B17-A044-B40B6631F6EE}.Release|Any CPU.Deploy.0 = Release|Any CPU
		{37FDC91A-2307-47FC-B332-5C9120317983}.Debug|Any CPU.ActiveCfg = Debug|Any CPU
		{37FDC91A-2307-47FC-B332-5C9120317983}.Debug|Any CPU.Build.0 = Debug|Any CPU
		{37FDC91A-2307-47FC-B332-5C9120317983}.Debug|Any CPU.Deploy.0 = Debug|Any CPU
		{37FDC91A-2307-47FC-B332-5C9120317983}.Release|Any CPU.ActiveCfg = Release|Any CPU
		{37FDC91A-2307-47FC-B332-5C9120317983}.Release|Any CPU.Build.0 = Release|Any CPU
		{37FDC91A-2307-47FC-B332-5C9120317983}.Release|Any CPU.Deploy.0 = Release|Any CPU
		{9495C97C-0FC9-4422-A911-531EBAA9DE78}.Debug|Any CPU.ActiveCfg = Debug|Any CPU
		{9495C97C-0FC9-4422-A911-531EBAA9DE78}.Debug|Any CPU.Build.0 = Debug|Any CPU
		{9495C97C-0FC9-4422-A911-531EBAA9DE78}.Debug|Any CPU.Deploy.0 = Debug|Any CPU
		{9495C97C-0FC9-4422-A911-531EBAA9DE78}.Release|Any CPU.ActiveCfg = Release|Any CPU
		{9495C97C-0FC9-4422-A911-531EBAA9DE78}.Release|Any CPU.Build.0 = Release|Any CPU
		{9495C97C-0FC9-4422-A911-531EBAA9DE78}.Release|Any CPU.Deploy.0 = Release|Any CPU
	EndGlobalSection
	GlobalSection(SolutionProperties) = preSolution
		HideSolutionNode = FALSE
	EndGlobalSection
	GlobalSection(ExtensibilityGlobals) = postSolution
		SolutionGuid = {4E343250-C005-40E5-8A3F-6DCE700AAAB1}
	EndGlobalSection
EndGlobal
